// !$*UTF8*$!
{
	archiveVersion = 1;
	classes = {
	};
	objectVersion = 77;
	objects = {

/* Begin PBXContainerItemProxy section */
		FA475A8A2F7F31C20032FCBC /* PBXContainerItemProxy */ = {
			isa = PBXContainerItemProxy;
			containerPortal = FA475A742F7F31BF0032FCBC /* Project object */;
			proxyType = 1;
			remoteGlobalIDString = FA475A7B2F7F31BF0032FCBC;
			remoteInfo = ALLEGUARD;
		};
		FA475A942F7F31C20032FCBC /* PBXContainerItemProxy */ = {
			isa = PBXContainerItemProxy;
			containerPortal = FA475A742F7F31BF0032FCBC /* Project object */;
			proxyType = 1;
			remoteGlobalIDString = FA475A7B2F7F31BF0032FCBC;
			remoteInfo = ALLEGUARD;
		};
/* End PBXContainerItemProxy section */

/* Begin PBXFileReference section */
		FA475A7C2F7F31BF0032FCBC /* ALLEGUARD.app */ = {isa = PBXFileReference; explicitFileType = wrapper.application; includeInIndex = 0; path = ALLEGUARD.app; sourceTree = BUILT_PRODUCTS_DIR; };
		FA475A892F7F31C20032FCBC /* ALLEGUARDTests.xctest */ = {isa = PBXFileReference; explicitFileType = wrapper.cfbundle; includeInIndex = 0; path = ALLEGUARDTests.xctest; sourceTree = BUILT_PRODUCTS_DIR; };
		FA475A932F7F31C20032FCBC /* ALLEGUARDUITests.xctest */ = {isa = PBXFileReference; explicitFileType = wrapper.cfbundle; includeInIndex = 0; path = ALLEGUARDUITests.xctest; sourceTree = BUILT_PRODUCTS_DIR; };
/* End PBXFileReference section */

/* Begin PBXFileSystemSynchronizedBuildFileExceptionSet section */
		FAE0D5652F7FDB6C00841B4D /* Exceptions for "ALLEGUARD" folder in "ALLEGUARD" target */ = {
			isa = PBXFileSystemSynchronizedBuildFileExceptionSet;
			membershipExceptions = (
				Info.plist,
			);
			target = FA475A7B2F7F31BF0032FCBC /* ALLEGUARD */;
		};
/* End PBXFileSystemSynchronizedBuildFileExceptionSet section */

/* Begin PBXFileSystemSynchronizedRootGroup section */
		FA475A7E2F7F31BF0032FCBC /* ALLEGUARD */ = {
			isa = PBXFileSystemSynchronizedRootGroup;
			exceptions = (
				FAE0D5652F7FDB6C00841B4D /* Exceptions for "ALLEGUARD" folder in "ALLEGUARD" target */,
			);
			path = ALLEGUARD;
			sourceTree = "<group>";
		};
		FA475A8C2F7F31C20032FCBC /* ALLEGUARDTests */ = {
			isa = PBXFileSystemSynchronizedRootGroup;
			path = ALLEGUARDTests;
			sourceTree = "<group>";
		};
		FA475A962F7F31C20032FCBC /* ALLEGUARDUITests */ = {
			isa = PBXFileSystemSynchronizedRootGroup;
			path = ALLEGUARDUITests;
			sourceTree = "<group>";
		};
/* End PBXFileSystemSynchronizedRootGroup section */

/* Begin PBXFrameworksBuildPhase section */
		FA475A792F7F31BF0032FCBC /* Frameworks */ = {
			isa = PBXFrameworksBuildPhase;
			buildActionMask = 2147483647;
			files = (
			);
			runOnlyForDeploymentPostprocessing = 0;
		};
		FA475A862F7F31C20032FCBC /* Frameworks */ = {
			isa = PBXFrameworksBuildPhase;
			buildActionMask = 2147483647;
			files = (
			);
			runOnlyForDeploymentPostprocessing = 0;
		};
		FA475A902F7F31C20032FCBC /* Frameworks */ = {
			isa = PBXFrameworksBuildPhase;
			buildActionMask = 2147483647;
			files = (
			);
			runOnlyForDeploymentPostprocessing = 0;
		};
/* End PBXFrameworksBuildPhase section */

/* Begin PBXGroup section */
		FA475A732F7F31BF0032FCBC = {
			isa = PBXGroup;
			children = (
				FA475A7E2F7F31BF0032FCBC /* ALLEGUARD */,
				FA475A8C2F7F31C20032FCBC /* ALLEGUARDTests */,
				FA475A962F7F31C20032FCBC /* ALLEGUARDUITests */,
				FA475A7D2F7F31BF0032FCBC /* Products */,
			);
			sourceTree = "<group>";
		};
		FA475A7D2F7F31BF0032FCBC /* Products */ = {
			isa = PBXGroup;
			children = (
				FA475A7C2F7F31BF0032FCBC /* ALLEGUARD.app */,
				FA475A892F7F31C20032FCBC /* ALLEGUARDTests.xctest */,
				FA475A932F7F31C20032FCBC /* ALLEGUARDUITests.xctest */,
			);
			name = Products;
			sourceTree = "<group>";
		};
/* End PBXGroup section */

/* Begin PBXNativeTarget section */
		FA475A7B2F7F31BF0032FCBC /* ALLEGUARD */ = {
			isa = PBXNativeTarget;
			buildConfigurationList = FA475A9D2F7F31C30032FCBC /* Build configuration list for PBXNativeTarget "ALLEGUARD" */;
			buildPhases = (
				FA475A782F7F31BF0032FCBC /* Sources */,
				FA475A792F7F31BF0032FCBC /* Frameworks */,
				FA475A7A2F7F31BF0032FCBC /* Resources */,
			);
			buildRules = (
			);
			dependencies = (
			);
			fileSystemSynchronizedGroups = (
				FA475A7E2F7F31BF0032FCBC /* ALLEGUARD */,
			);
			name = ALLEGUARD;
			packageProductDependencies = (
			);
			productName = ALLEGUARD;
			productReference = FA475A7C2F7F31BF0032FCBC /* ALLEGUARD.app */;
			productType = "com.apple.product-type.application";
		};
		FA475A882F7F31C20032FCBC /* ALLEGUARDTests */ = {
			isa = PBXNativeTarget;
			buildConfigurationList = FA475AA02F7F31C30032FCBC /* Build configuration list for PBXNativeTarget "ALLEGUARDTests" */;
			buildPhases = (
				FA475A852F7F31C20032FCBC /* Sources */,
				FA475A862F7F31C20032FCBC /* Frameworks */,
				FA475A872F7F31C20032FCBC /* Resources */,
			);
			buildRules = (
			);
			dependencies = (
				FA475A8B2F7F31C20032FCBC /* PBXTargetDependency */,
			);
			fileSystemSynchronizedGroups = (
				FA475A8C2F7F31C20032FCBC /* ALLEGUARDTests */,
			);
			name = ALLEGUARDTests;
			packageProductDependencies = (
			);
			productName = ALLEGUARDTests;
			productReference = FA475A892F7F31C20032FCBC /* ALLEGUARDTests.xctest */;
			productType = "com.apple.product-type.bundle.unit-test";
		};
		FA475A922F7F31C20032FCBC /* ALLEGUARDUITests */ = {
			isa = PBXNativeTarget;
			buildConfigurationList = FA475AA32F7F31C30032FCBC /* Build configuration list for PBXNativeTarget "ALLEGUARDUITests" */;
			buildPhases = (
				FA475A8F2F7F31C20032FCBC /* Sources */,
				FA475A902F7F31C20032FCBC /* Frameworks */,
				FA475A912F7F31C20032FCBC /* Resources */,
			);
			buildRules = (
			);
			dependencies = (
				FA475A952F7F31C20032FCBC /* PBXTargetDependency */,
			);
			fileSystemSynchronizedGroups = (
				FA475A962F7F31C20032FCBC /* ALLEGUARDUITests */,
			);
			name = ALLEGUARDUITests;
			packageProductDependencies = (
			);
			productName = ALLEGUARDUITests;
			productReference = FA475A932F7F31C20032FCBC /* ALLEGUARDUITests.xctest */;
			productType = "com.apple.product-type.bundle.ui-testing";
		};
/* End PBXNativeTarget section */

/* Begin PBXProject section */
		FA475A742F7F31BF0032FCBC /* Project object */ = {
			isa = PBXProject;
			attributes = {
				BuildIndependentTargetsInParallel = 1;
				LastSwiftUpdateCheck = 2640;
				LastUpgradeCheck = 2640;
				TargetAttributes = {
					FA475A7B2F7F31BF0032FCBC = {
						CreatedOnToolsVersion = 26.4;
					};
					FA475A882F7F31C20032FCBC = {
						CreatedOnToolsVersion = 26.4;
						TestTargetID = FA475A7B2F7F31BF0032FCBC;
					};
					FA475A922F7F31C20032FCBC = {
						CreatedOnToolsVersion = 26.4;
						TestTargetID = FA475A7B2F7F31BF0032FCBC;
					};
				};
			};
			buildConfigurationList = FA475A772F7F31BF0032FCBC /* Build configuration list for PBXProject "ALLEGUARD" */;
			developmentRegion = en;
			hasScannedForEncodings = 0;
			knownRegions = (
				en,
				Base,
			);
			mainGroup = FA475A732F7F31BF0032FCBC;
			minimizedProjectReferenceProxies = 1;
			preferredProjectObjectVersion = 77;
			productRefGroup = FA475A7D2F7F31BF0032FCBC /* Products */;
			projectDirPath = "";
			projectRoot = "";
			targets = (
				FA475A7B2F7F31BF0032FCBC /* ALLEGUARD */,
				FA475A882F7F31C20032FCBC /* ALLEGUARDTests */,
				FA475A922F7F31C20032FCBC /* ALLEGUARDUITests */,
			);
		};
/* End PBXProject section */

/* Begin PBXResourcesBuildPhase section */
		FA475A7A2F7F31BF0032FCBC /* Resources */ = {
			isa = PBXResourcesBuildPhase;
			buildActionMask = 2147483647;
			files = (
			);
			runOnlyForDeploymentPostprocessing = 0;
		};
		FA475A872F7F31C20032FCBC /* Resources */ = {
			isa = PBXResourcesBuildPhase;
			buildActionMask = 2147483647;
			files = (
			);
			runOnlyForDeploymentPostprocessing = 0;
		};
		FA475A912F7F31C20032FCBC /* Resources */ = {
			isa = PBXResourcesBuildPhase;
			buildActionMask = 2147483647;
			files = (
			);
			runOnlyForDeploymentPostprocessing = 0;
		};
/* End PBXResourcesBuildPhase section */

/* Begin PBXSourcesBuildPhase section */
		FA475A782F7F31BF0032FCBC /* Sources */ = {
			isa = PBXSourcesBuildPhase;
			buildActionMask = 2147483647;
			files = (
			);
			runOnlyForDeploymentPostprocessing = 0;
		};
		FA475A852F7F31C20032FCBC /* Sources */ = {
			isa = PBXSourcesBuildPhase;
			buildActionMask = 2147483647;
			files = (
			);
			runOnlyForDeploymentPostprocessing = 0;
		};
		FA475A8F2F7F31C20032FCBC /* Sources */ = {
			isa = PBXSourcesBuildPhase;
			buildActionMask = 2147483647;
			files = (
			);
			runOnlyForDeploymentPostprocessing = 0;
		};
/* End PBXSourcesBuildPhase section */

/* Begin PBXTargetDependency section */
		FA475A8B2F7F31C20032FCBC /* PBXTargetDependency */ = {
			isa = PBXTargetDependency;
			target = FA475A7B2F7F31BF0032FCBC /* ALLEGUARD */;
			targetProxy = FA475A8A2F7F31C20032FCBC /* PBXContainerItemProxy */;
		};
		FA475A952F7F31C20032FCBC /* PBXTargetDependency */ = {
			isa = PBXTargetDependency;
			target = FA475A7B2F7F31BF0032FCBC /* ALLEGUARD */;
			targetProxy = FA475A942F7F31C20032FCBC /* PBXContainerItemProxy */;
		};
/* End PBXTargetDependency section */

/* Begin XCBuildConfiguration section */
		FA475A9B2F7F31C30032FCBC /* Debug */ = {
			isa = XCBuildConfiguration;
			buildSettings = {
				ALWAYS_SEARCH_USER_PATHS = NO;
				ASSETCATALOG_COMPILER_GENERATE_SWIFT_ASSET_SYMBOL_EXTENSIONS = YES;
				CLANG_ANALYZER_NONNULL = YES;
				CLANG_ANALYZER_NUMBER_OBJECT_CONVERSION = YES_AGGRESSIVE;
				CLANG_CXX_LANGUAGE_STANDARD = "gnu++20";
				CLANG_ENABLE_MODULES = YES;
				CLANG_ENABLE_OBJC_ARC = YES;
				CLANG_ENABLE_OBJC_WEAK = YES;
				CLANG_WARN_BLOCK_CAPTURE_AUTORELEASING = YES;
				CLANG_WARN_BOOL_CONVERSION = YES;
				CLANG_WARN_COMMA = YES;
				CLANG_WARN_CONSTANT_CONVERSION = YES;
				CLANG_WARN_DEPRECATED_OBJC_IMPLEMENTATIONS = YES;
				CLANG_WARN_DIRECT_OBJC_ISA_USAGE = YES_ERROR;
				CLANG_WARN_DOCUMENTATION_COMMENTS = YES;
				CLANG_WARN_EMPTY_BODY = YES;
				CLANG_WARN_ENUM_CONVERSION = YES;
				CLANG_WARN_INFINITE_RECURSION = YES;
				CLANG_WARN_INT_CONVERSION = YES;
				CLANG_WARN_NON_LITERAL_NULL_CONVERSION = YES;
				CLANG_WARN_OBJC_IMPLICIT_RETAIN_SELF = YES;
				CLANG_WARN_OBJC_LITERAL_CONVERSION = YES;
				CLANG_WARN_OBJC_ROOT_CLASS = YES_ERROR;
				CLANG_WARN_QUOTED_INCLUDE_IN_FRAMEWORK_HEADER = YES;
				CLANG_WARN_RANGE_LOOP_ANALYSIS = YES;
				CLANG_WARN_STRICT_PROTOTYPES = YES;
				CLANG_WARN_SUSPICIOUS_MOVE = YES;
				CLANG_WARN_UNGUARDED_AVAILABILITY = YES_AGGRESSIVE;
				CLANG_WARN_UNREACHABLE_CODE = YES;
				CLANG_WARN__DUPLICATE_METHOD_MATCH = YES;
				COPY_PHASE_STRIP = NO;
				DEBUG_INFORMATION_FORMAT = dwarf;
				DEVELOPMENT_TEAM = D8F3R7HMD3;
				ENABLE_STRICT_OBJC_MSGSEND = YES;
				ENABLE_TESTABILITY = YES;
				ENABLE_USER_SCRIPT_SANDBOXING = YES;
				GCC_C_LANGUAGE_STANDARD = gnu17;
				GCC_DYNAMIC_NO_PIC = NO;
				GCC_NO_COMMON_BLOCKS = YES;
				GCC_OPTIMIZATION_LEVEL = 0;
				GCC_PREPROCESSOR_DEFINITIONS = (
					"DEBUG=1",
					"$(inherited)",
				);
				GCC_WARN_64_TO_32_BIT_CONVERSION = YES;
				GCC_WARN_ABOUT_RETURN_TYPE = YES_ERROR;
				GCC_WARN_UNDECLARED_SELECTOR = YES;
				GCC_WARN_UNINITIALIZED_AUTOS = YES_AGGRESSIVE;
				GCC_WARN_UNUSED_FUNCTION = YES;
				GCC_WARN_UNUSED_VARIABLE = YES;
				IPHONEOS_DEPLOYMENT_TARGET = 26.4;
				LOCALIZATION_PREFERS_STRING_CATALOGS = YES;
				MTL_ENABLE_DEBUG_INFO = INCLUDE_SOURCE;
				MTL_FAST_MATH = YES;
				ONLY_ACTIVE_ARCH = YES;
				SDKROOT = iphoneos;
				SWIFT_ACTIVE_COMPILATION_CONDITIONS = "DEBUG $(inherited)";
				SWIFT_OPTIMIZATION_LEVEL = "-Onone";
			};
			name = Debug;
		};
		FA475A9C2F7F31C30032FCBC /* Release */ = {
			isa = XCBuildConfiguration;
			buildSettings = {
				ALWAYS_SEARCH_USER_PATHS = NO;
				ASSETCATALOG_COMPILER_GENERATE_SWIFT_ASSET_SYMBOL_EXTENSIONS = YES;
				CLANG_ANALYZER_NONNULL = YES;
				CLANG_ANALYZER_NUMBER_OBJECT_CONVERSION = YES_AGGRESSIVE;
				CLANG_CXX_LANGUAGE_STANDARD = "gnu++20";
				CLANG_ENABLE_MODULES = YES;
				CLANG_ENABLE_OBJC_ARC = YES;
				CLANG_ENABLE_OBJC_WEAK = YES;
				CLANG_WARN_BLOCK_CAPTURE_AUTORELEASING = YES;
				CLANG_WARN_BOOL_CONVERSION = YES;
				CLANG_WARN_COMMA = YES;
				CLANG_WARN_CONSTANT_CONVERSION = YES;
				CLANG_WARN_DEPRECATED_OBJC_IMPLEMENTATIONS = YES;
				CLANG_WARN_DIRECT_OBJC_ISA_USAGE = YES_ERROR;
				CLANG_WARN_DOCUMENTATION_COMMENTS = YES;
				CLANG_WARN_EMPTY_BODY = YES;
				CLANG_WARN_ENUM_CONVERSION = YES;
				CLANG_WARN_INFINITE_RECURSION = YES;
				CLANG_WARN_INT_CONVERSION = YES;
				CLANG_WARN_NON_LITERAL_NULL_CONVERSION = YES;
				CLANG_WARN_OBJC_IMPLICIT_RETAIN_SELF = YES;
				CLANG_WARN_OBJC_LITERAL_CONVERSION = YES;
				CLANG_WARN_OBJC_ROOT_CLASS = YES_ERROR;
				CLANG_WARN_QUOTED_INCLUDE_IN_FRAMEWORK_HEADER = YES;
				CLANG_WARN_RANGE_LOOP_ANALYSIS = YES;
				CLANG_WARN_STRICT_PROTOTYPES = YES;
				CLANG_WARN_SUSPICIOUS_MOVE = YES;
				CLANG_WARN_UNGUARDED_AVAILABILITY = YES_AGGRESSIVE;
				CLANG_WARN_UNREACHABLE_CODE = YES;
				CLANG_WARN__DUPLICATE_METHOD_MATCH = YES;
				COPY_PHASE_STRIP = NO;
				DEBUG_INFORMATION_FORMAT = "dwarf-with-dsym";
				DEVELOPMENT_TEAM = D8F3R7HMD3;
				ENABLE_NS_ASSERTIONS = NO;
				ENABLE_STRICT_OBJC_MSGSEND = YES;
				ENABLE_USER_SCRIPT_SANDBOXING = YES;
				GCC_C_LANGUAGE_STANDARD = gnu17;
				GCC_NO_COMMON_BLOCKS = YES;
				GCC_WARN_64_TO_32_BIT_CONVERSION = YES;
				GCC_WARN_ABOUT_RETURN_TYPE = YES_ERROR;
				GCC_WARN_UNDECLARED_SELECTOR = YES;
				GCC_WARN_UNINITIALIZED_AUTOS = YES_AGGRESSIVE;
				GCC_WARN_UNUSED_FUNCTION = YES;
				GCC_WARN_UNUSED_VARIABLE = YES;
				IPHONEOS_DEPLOYMENT_TARGET = 26.4;
				LOCALIZATION_PREFERS_STRING_CATALOGS = YES;
				MTL_ENABLE_DEBUG_INFO = NO;
				MTL_FAST_MATH = YES;
				SDKROOT = iphoneos;
				SWIFT_COMPILATION_MODE = wholemodule;
				VALIDATE_PRODUCT = YES;
			};
			name = Release;
		};
		FA475A9E2F7F31C30032FCBC /* Debug */ = {
			isa = XCBuildConfiguration;
			buildSettings = {
				ASSETCATALOG_COMPILER_APPICON_NAME = AppIcon;
				ASSETCATALOG_COMPILER_GLOBAL_ACCENT_COLOR_NAME = AccentColor;
				CODE_SIGN_STYLE = Automatic;
				CURRENT_PROJECT_VERSION = 1;
				DEVELOPMENT_TEAM = D8F3R7HMD3;
				ENABLE_PREVIEWS = YES;
				GENERATE_INFOPLIST_FILE = YES;
				INFOPLIST_FILE = ALLEGUARD/Info.plist;
				INFOPLIST_KEY_UIApplicationSceneManifest_Generation = YES;
				INFOPLIST_KEY_UIApplicationSupportsIndirectInputEvents = YES;
				INFOPLIST_KEY_UILaunchScreen_Generation = YES;
				INFOPLIST_KEY_UISupportedInterfaceOrientations_iPad = "UIInterfaceOrientationPortrait UIInterfaceOrientationPortraitUpsideDown UIInterfaceOrientationLandscapeLeft UIInterfaceOrientationLandscapeRight";
				INFOPLIST_KEY_UISupportedInterfaceOrientations_iPhone = "UIInterfaceOrientationPortrait UIInterfaceOrientationLandscapeLeft UIInterfaceOrientationLandscapeRight";
				LD_RUNPATH_SEARCH_PATHS = (
					"$(inherited)",
					"@executable_path/Frameworks",
				);
				MARKETING_VERSION = 1.0;
				PRODUCT_BUNDLE_IDENTIFIER = com.theoatuah.ALLEGUARD;
				PRODUCT_NAME = "$(TARGET_NAME)";
				STRING_CATALOG_GENERATE_SYMBOLS = YES;
				SWIFT_APPROACHABLE_CONCURRENCY = YES;
				SWIFT_DEFAULT_ACTOR_ISOLATION = MainActor;
				SWIFT_EMIT_LOC_STRINGS = YES;
				SWIFT_UPCOMING_FEATURE_MEMBER_IMPORT_VISIBILITY = YES;
				SWIFT_VERSION = 5.0;
				TARGETED_DEVICE_FAMILY = "1,2";
			};
			name = Debug;
		};
		FA475A9F2F7F31C30032FCBC /* Release */ = {
			isa = XCBuildConfiguration;
			buildSettings = {
				ASSETCATALOG_COMPILER_APPICON_NAME = AppIcon;
				ASSETCATALOG_COMPILER_GLOBAL_ACCENT_COLOR_NAME = AccentColor;
				CODE_SIGN_STYLE = Automatic;
				CURRENT_PROJECT_VERSION = 1;
				DEVELOPMENT_TEAM = D8F3R7HMD3;
				ENABLE_PREVIEWS = YES;
				GENERATE_INFOPLIST_FILE = YES;
				INFOPLIST_FILE = ALLEGUARD/Info.plist;
				INFOPLIST_KEY_UIApplicationSceneManifest_Generation = YES;
				INFOPLIST_KEY_UIApplicationSupportsIndirectInputEvents = YES;
				INFOPLIST_KEY_UILaunchScreen_Generation = YES;
				INFOPLIST_KEY_UISupportedInterfaceOrientations_iPad = "UIInterfaceOrientationPortrait UIInterfaceOrientationPortraitUpsideDown UIInterfaceOrientationLandscapeLeft UIInterfaceOrientationLandscapeRight";
				INFOPLIST_KEY_UISupportedInterfaceOrientations_iPhone = "UIInterfaceOrientationPortrait UIInterfaceOrientationLandscapeLeft UIInterfaceOrientationLandscapeRight";
				LD_RUNPATH_SEARCH_PATHS = (
					"$(inherited)",
					"@executable_path/Frameworks",
				);
				MARKETING_VERSION = 1.0;
				PRODUCT_BUNDLE_IDENTIFIER = com.theoatuah.ALLEGUARD;
				PRODUCT_NAME = "$(TARGET_NAME)";
				STRING_CATALOG_GENERATE_SYMBOLS = YES;
				SWIFT_APPROACHABLE_CONCURRENCY = YES;
				SWIFT_DEFAULT_ACTOR_ISOLATION = MainActor;
				SWIFT_EMIT_LOC_STRINGS = YES;
				SWIFT_UPCOMING_FEATURE_MEMBER_IMPORT_VISIBILITY = YES;
				SWIFT_VERSION = 5.0;
				TARGETED_DEVICE_FAMILY = "1,2";
			};
			name = Release;
		};
		FA475AA12F7F31C30032FCBC /* Debug */ = {
			isa = XCBuildConfiguration;
			buildSettings = {
				BUNDLE_LOADER = "$(TEST_HOST)";
				CODE_SIGN_STYLE = Automatic;
				CURRENT_PROJECT_VERSION = 1;
				DEVELOPMENT_TEAM = D8F3R7HMD3;
				GENERATE_INFOPLIST_FILE = YES;
				IPHONEOS_DEPLOYMENT_TARGET = 26.4;
				MARKETING_VERSION = 1.0;
				PRODUCT_BUNDLE_IDENTIFIER = com.theoatuah.ALLEGUARDTests;
				PRODUCT_NAME = "$(TARGET_NAME)";
				STRING_CATALOG_GENERATE_SYMBOLS = NO;
				SWIFT_APPROACHABLE_CONCURRENCY = YES;
				SWIFT_EMIT_LOC_STRINGS = NO;
				SWIFT_UPCOMING_FEATURE_MEMBER_IMPORT_VISIBILITY = YES;
				SWIFT_VERSION = 5.0;
				TARGETED_DEVICE_FAMILY = "1,2";
				TEST_HOST = "$(BUILT_PRODUCTS_DIR)/ALLEGUARD.app/$(BUNDLE_EXECUTABLE_FOLDER_PATH)/ALLEGUARD";
			};
			name = Debug;
		};
		FA475AA22F7F31C30032FCBC /* Release */ = {
			isa = XCBuildConfiguration;
			buildSettings = {
				BUNDLE_LOADER = "$(TEST_HOST)";
				CODE_SIGN_STYLE = Automatic;
				CURRENT_PROJECT_VERSION = 1;
				DEVELOPMENT_TEAM = D8F3R7HMD3;
				GENERATE_INFOPLIST_FILE = YES;
				IPHONEOS_DEPLOYMENT_TARGET = 26.4;
				MARKETING_VERSION = 1.0;
				PRODUCT_BUNDLE_IDENTIFIER = com.theoatuah.ALLEGUARDTests;
				PRODUCT_NAME = "$(TARGET_NAME)";
				STRING_CATALOG_GENERATE_SYMBOLS = NO;
				SWIFT_APPROACHABLE_CONCURRENCY = YES;
				SWIFT_EMIT_LOC_STRINGS = NO;
				SWIFT_UPCOMING_FEATURE_MEMBER_IMPORT_VISIBILITY = YES;
				SWIFT_VERSION = 5.0;
				TARGETED_DEVICE_FAMILY = "1,2";
				TEST_HOST = "$(BUILT_PRODUCTS_DIR)/ALLEGUARD.app/$(BUNDLE_EXECUTABLE_FOLDER_PATH)/ALLEGUARD";
			};
			name = Release;
		};
		FA475AA42F7F31C30032FCBC /* Debug */ = {
			isa = XCBuildConfiguration;
			buildSettings = {
				CODE_SIGN_STYLE = Automatic;
				CURRENT_PROJECT_VERSION = 1;
				DEVELOPMENT_TEAM = D8F3R7HMD3;
				GENERATE_INFOPLIST_FILE = YES;
				MARKETING_VERSION = 1.0;
				PRODUCT_BUNDLE_IDENTIFIER = com.theoatuah.ALLEGUARDUITests;
				PRODUCT_NAME = "$(TARGET_NAME)";
				STRING_CATALOG_GENERATE_SYMBOLS = NO;
				SWIFT_APPROACHABLE_CONCURRENCY = YES;
				SWIFT_EMIT_LOC_STRINGS = NO;
				SWIFT_UPCOMING_FEATURE_MEMBER_IMPORT_VISIBILITY = YES;
				SWIFT_VERSION = 5.0;
				TARGETED_DEVICE_FAMILY = "1,2";
				TEST_TARGET_NAME = ALLEGUARD;
			};
			name = Debug;
		};
		FA475AA52F7F31C30032FCBC /* Release */ = {
			isa = XCBuildConfiguration;
			buildSettings = {
				CODE_SIGN_STYLE = Automatic;
				CURRENT_PROJECT_VERSION = 1;
				DEVELOPMENT_TEAM = D8F3R7HMD3;
				GENERATE_INFOPLIST_FILE = YES;
				MARKETING_VERSION = 1.0;
				PRODUCT_BUNDLE_IDENTIFIER = com.theoatuah.ALLEGUARDUITests;
				PRODUCT_NAME = "$(TARGET_NAME)";
				STRING_CATALOG_GENERATE_SYMBOLS = NO;
				SWIFT_APPROACHABLE_CONCURRENCY = YES;
				SWIFT_EMIT_LOC_STRINGS = NO;
				SWIFT_UPCOMING_FEATURE_MEMBER_IMPORT_VISIBILITY = YES;
				SWIFT_VERSION = 5.0;
				TARGETED_DEVICE_FAMILY = "1,2";
				TEST_TARGET_NAME = ALLEGUARD;
			};
			name = Release;
		};
/* End XCBuildConfiguration section */

/* Begin XCConfigurationList section */
		FA475A772F7F31BF0032FCBC /* Build configuration list for PBXProject "ALLEGUARD" */ = {
			isa = XCConfigurationList;
			buildConfigurations = (
				FA475A9B2F7F31C30032FCBC /* Debug */,
				FA475A9C2F7F31C30032FCBC /* Release */,
			);
			defaultConfigurationIsVisible = 0;
			defaultConfigurationName = Release;
		};
		FA475A9D2F7F31C30032FCBC /* Build configuration list for PBXNativeTarget "ALLEGUARD" */ = {
			isa = XCConfigurationList;
			buildConfigurations = (
				FA475A9E2F7F31C30032FCBC /* Debug */,
				FA475A9F2F7F31C30032FCBC /* Release */,
			);
			defaultConfigurationIsVisible = 0;
			defaultConfigurationName = Release;
		};
		FA475AA02F7F31C30032FCBC /* Build configuration list for PBXNativeTarget "ALLEGUARDTests" */ = {
			isa = XCConfigurationList;
			buildConfigurations = (
				FA475AA12F7F31C30032FCBC /* Debug */,
				FA475AA22F7F31C30032FCBC /* Release */,
			);
			defaultConfigurationIsVisible = 0;
			defaultConfigurationName = Release;
		};
		FA475AA32F7F31C30032FCBC /* Build configuration list for PBXNativeTarget "ALLEGUARDUITests" */ = {
			isa = XCConfigurationList;
			buildConfigurations = (
				FA475AA42F7F31C30032FCBC /* Debug */,
				FA475AA52F7F31C30032FCBC /* Release */,
			);
			defaultConfigurationIsVisible = 0;
			defaultConfigurationName = Release;
		};
/* End XCConfigurationList section */
	};
	rootObject = FA475A742F7F31BF0032FCBC /* Project object */;
}
